
Microsoft Visual Studio Solution File, Format Version 12.00
# Visual Studio Version 16
VisualStudioVersion = 16.0.28803.202
MinimumVisualStudioVersion = 10.0.40219.1
Project("{9A19103F-16F7-4668-BE54-9A1E7A4F7556}") = "MicroRPG", "MicroRPG\MicroRPG.csproj", "{2191B80B-BF0C-49D3-A1E5-572937C4A5E7}"
EndProject
Project("{00D1A9C2-B5F0-4AF3-8072-F6C62B433612}") = "RPGDB", "RPGDB\RPGDB.sqlproj", "{2C4D99C6-299E-4B4A-8BA7-E307A9939C9C}"
EndProject
Project("{2150E333-8FDC-42A3-9474-1A3956D46DE8}") = "Solution Items", "Solution Items", "{DFD4C412-969F-4587-9EED-00C6CF23CE03}"
	ProjectSection(SolutionItems) = preProject
		DatabaseCopy.sql = DatabaseCopy.sql
	EndProjectSection
EndProject
Global
	GlobalSection(SolutionConfigurationPlatforms) = preSolution
		Debug|Any CPU = Debug|Any CPU
		Release|Any CPU = Release|Any CPU
	EndGlobalSection
	GlobalSection(ProjectConfigurationPlatforms) = postSolution
		{2191B80B-BF0C-49D3-A1E5-572937C4A5E7}.Debug|Any CPU.ActiveCfg = Debug|Any CPU
		{2191B80B-BF0C-49D3-A1E5-572937C4A5E7}.Debug|Any CPU.Build.0 = Debug|Any CPU
		{2191B80B-BF0C-49D3-A1E5-572937C4A5E7}.Release|Any CPU.ActiveCfg = Release|Any CPU
		{2191B80B-BF0C-49D3-A1E5-572937C4A5E7}.Release|Any CPU.Build.0 = Release|Any CPU
		{2C4D99C6-299E-4B4A-8BA7-E307A9939C9C}.Debug|Any CPU.ActiveCfg = Debug|Any CPU
		{2C4D99C6-299E-4B4A-8BA7-E307A9939C9C}.Debug|Any CPU.Build.0 = Debug|Any CPU
		{2C4D99C6-299E-4B4A-8BA7-E307A9939C9C}.Debug|Any CPU.Deploy.0 = Debug|Any CPU
		{2C4D99C6-299E-4B4A-8BA7-E307A9939C9C}.Release|Any CPU.ActiveCfg = Release|Any CPU
		{2C4D99C6-299E-4B4A-8BA7-E307A9939C9C}.Release|Any CPU.Build.0 = Release|Any CPU
		{2C4D99C6-299E-4B4A-8BA7-E307A9939C9C}.Release|Any CPU.Deploy.0 = Release|Any CPU
	EndGlobalSection
	GlobalSection(SolutionProperties) = preSolution
		HideSolutionNode = FALSE
	EndGlobalSection
	GlobalSection(ExtensibilityGlobals) = postSolution
		SolutionGuid = {8FA7000E-BE16-4D1D-936D-9FA73C970FB5}
	EndGlobalSection
EndGlobal
